// !$*UTF8*$!
{
	archiveVersion = 1;
	classes = {
	};
	objectVersion = 48;
	objects = {

/* Begin PBXBuildFile section */
		CF02D6171F81C66700E08C15 /* PreferencesWindow.swift in Sources */ = {isa = PBXBuildFile; fileRef = CF02D6151F81C66700E08C15 /* PreferencesWindow.swift */; };
		CF02D6181F81C66700E08C15 /* PreferencesWindow.xib in Resources */ = {isa = PBXBuildFile; fileRef = CF02D6161F81C66700E08C15 /* PreferencesWindow.xib */; };
		CF02D61B1F81CAF600E08C15 /* Animal Forest in Resources */ = {isa = PBXBuildFile; fileRef = CF02D61A1F81CAF600E08C15 /* Animal Forest */; };
		CF02D61E1F81CC0F00E08C15 /* DefaultPreferences.plist in Resources */ = {isa = PBXBuildFile; fileRef = CF02D61D1F81CC0F00E08C15 /* DefaultPreferences.plist */; };
		CF02D6201F81CE1400E08C15 /* New Leaf in Resources */ = {isa = PBXBuildFile; fileRef = CF02D61F1F81CE1200E08C15 /* New Leaf */; };
		CF26DEE01F81622A00CDFF6B /* AudioPlayer.swift in Sources */ = {isa = PBXBuildFile; fileRef = CF26DEDF1F81622A00CDFF6B /* AudioPlayer.swift */; };
		CF26DEE51F816E2700CDFF6B /* PlaybackView.swift in Sources */ = {isa = PBXBuildFile; fileRef = CF26DEE41F816E2700CDFF6B /* PlaybackView.swift */; };
		CF6288191F78524600C34ABD /* AppDelegate.swift in Sources */ = {isa = PBXBuildFile; fileRef = CF6288181F78524600C34ABD /* AppDelegate.swift */; };
		CF62881B1F78524600C34ABD /* Assets.xcassets in Resources */ = {isa = PBXBuildFile; fileRef = CF62881A1F78524600C34ABD /* Assets.xcassets */; };
		CF62881E1F78524600C34ABD /* MainMenu.xib in Resources */ = {isa = PBXBuildFile; fileRef = CF62881C1F78524600C34ABD /* MainMenu.xib */; };
		CF6288271F78558800C34ABD /* StatusMenuController.swift in Sources */ = {isa = PBXBuildFile; fileRef = CF6288261F78558800C34ABD /* StatusMenuController.swift */; };
/* End PBXBuildFile section */

/* Begin PBXFileReference section */
		CF02D6151F81C66700E08C15 /* PreferencesWindow.swift */ = {isa = PBXFileReference; lastKnownFileType = sourcecode.swift; path = PreferencesWindow.swift; sourceTree = "<group>"; };
		CF02D6161F81C66700E08C15 /* PreferencesWindow.xib */ = {isa = PBXFileReference; lastKnownFileType = file.xib; path = PreferencesWindow.xib; sourceTree = "<group>"; };
		CF02D61A1F81CAF600E08C15 /* Animal Forest */ = {isa = PBXFileReference; lastKnownFileType = folder; name = "Animal Forest"; path = "audio/Animal Forest"; sourceTree = "<group>"; };
		CF02D61D1F81CC0F00E08C15 /* DefaultPreferences.plist */ = {isa = PBXFileReference; lastKnownFileType = text.plist.xml; path = DefaultPreferences.plist; sourceTree = "<group>"; };
		CF02D61F1F81CE1200E08C15 /* New Leaf */ = {isa = PBXFileReference; lastKnownFileType = folder; name = "New Leaf"; path = "audio/New Leaf"; sourceTree = "<group>"; };
		CF26DEDF1F81622A00CDFF6B /* AudioPlayer.swift */ = {isa = PBXFileReference; lastKnownFileType = sourcecode.swift; path = AudioPlayer.swift; sourceTree = "<group>"; };
		CF26DEE41F816E2700CDFF6B /* PlaybackView.swift */ = {isa = PBXFileReference; lastKnownFileType = sourcecode.swift; path = PlaybackView.swift; sourceTree = "<group>"; };
		CF4A41EC1F81EA970087615C /* AC Music.entitlements */ = {isa = PBXFileReference; lastKnownFileType = text.plist.entitlements; path = "AC Music.entitlements"; sourceTree = "<group>"; };
		CF6288151F78524600C34ABD /* AC Music.app */ = {isa = PBXFileReference; explicitFileType = wrapper.application; includeInIndex = 0; path = "AC Music.app"; sourceTree = BUILT_PRODUCTS_DIR; };
		CF6288181F78524600C34ABD /* AppDelegate.swift */ = {isa = PBXFileReference; lastKnownFileType = sourcecode.swift; path = AppDelegate.swift; sourceTree = "<group>"; };
		CF62881A1F78524600C34ABD /* Assets.xcassets */ = {isa = PBXFileReference; lastKnownFileType = folder.assetcatalog; path = Assets.xcassets; sourceTree = "<group>"; };
		CF62881D1F78524600C34ABD /* Base */ = {isa = PBXFileReference; lastKnownFileType = file.xib; name = Base; path = Base.lproj/MainMenu.xib; sourceTree = "<group>"; };
		CF62881F1F78524600C34ABD /* Info.plist */ = {isa = PBXFileReference; lastKnownFileType = text.plist.xml; path = Info.plist; sourceTree = "<group>"; };
		CF6288201F78524600C34ABD /* ac_menubar.entitlements */ = {isa = PBXFileReference; lastKnownFileType = text.plist.entitlements; path = ac_menubar.entitlements; sourceTree = "<group>"; };
		CF6288261F78558800C34ABD /* StatusMenuController.swift */ = {isa = PBXFileReference; lastKnownFileType = sourcecode.swift; path = StatusMenuController.swift; sourceTree = "<group>"; };
		CF9FC3201F78BB140061005F /* ac-menubar.entitlements */ = {isa = PBXFileReference; lastKnownFileType = text.plist.entitlements; path = "ac-menubar.entitlements"; sourceTree = "<group>"; };
/* End PBXFileReference section */

/* Begin PBXFrameworksBuildPhase section */
		CF6288121F78524600C34ABD /* Frameworks */ = {
			isa = PBXFrameworksBuildPhase;
			buildActionMask = 2147483647;
			files = (
			);
			runOnlyForDeploymentPostprocessing = 0;
		};
/* End PBXFrameworksBuildPhase section */

/* Begin PBXGroup section */
		CF02D61C1F81CB1600E08C15 /* audio */ = {
			isa = PBXGroup;
			children = (
				CF02D61F1F81CE1200E08C15 /* New Leaf */,
				CF02D61A1F81CAF600E08C15 /* Animal Forest */,
			);
			name = audio;
			sourceTree = "<group>";
		};
		CF62880C1F78524600C34ABD = {
			isa = PBXGroup;
			children = (
				CF4A41EC1F81EA970087615C /* AC Music.entitlements */,
				CF02D61D1F81CC0F00E08C15 /* DefaultPreferences.plist */,
				CF02D61C1F81CB1600E08C15 /* audio */,
				CF6288171F78524600C34ABD /* ac-menubar */,
				CF6288161F78524600C34ABD /* Products */,
			);
			sourceTree = "<group>";
		};
		CF6288161F78524600C34ABD /* Products */ = {
			isa = PBXGroup;
			children = (
				CF6288151F78524600C34ABD /* AC Music.app */,
			);
			name = Products;
			sourceTree = "<group>";
		};
		CF6288171F78524600C34ABD /* ac-menubar */ = {
			isa = PBXGroup;
			children = (
				CF9FC3201F78BB140061005F /* ac-menubar.entitlements */,
				CF6288181F78524600C34ABD /* AppDelegate.swift */,
				CF6288261F78558800C34ABD /* StatusMenuController.swift */,
				CF62881A1F78524600C34ABD /* Assets.xcassets */,
				CF62881C1F78524600C34ABD /* MainMenu.xib */,
				CF02D6151F81C66700E08C15 /* PreferencesWindow.swift */,
				CF02D6161F81C66700E08C15 /* PreferencesWindow.xib */,
				CF26DEDF1F81622A00CDFF6B /* AudioPlayer.swift */,
				CF26DEE41F816E2700CDFF6B /* PlaybackView.swift */,
				CF62881F1F78524600C34ABD /* Info.plist */,
				CF6288201F78524600C34ABD /* ac_menubar.entitlements */,
			);
			path = "ac-menubar";
			sourceTree = "<group>";
		};
/* End PBXGroup section */

/* Begin PBXNativeTarget section */
		CF6288141F78524600C34ABD /* AC Music */ = {
			isa = PBXNativeTarget;
			buildConfigurationList = CF6288231F78524600C34ABD /* Build configuration list for PBXNativeTarget "AC Music" */;
			buildPhases = (
				CF6288111F78524600C34ABD /* Sources */,
				CF6288121F78524600C34ABD /* Frameworks */,
				CF6288131F78524600C34ABD /* Resources */,
			);
			buildRules = (
			);
			dependencies = (
			);
			name = "AC Music";
			productName = "ac-menubar";
			productReference = CF6288151F78524600C34ABD /* AC Music.app */;
			productType = "com.apple.product-type.application";
		};
/* End PBXNativeTarget section */

/* Begin PBXProject section */
		CF62880D1F78524600C34ABD /* Project object */ = {
			isa = PBXProject;
			attributes = {
				LastSwiftUpdateCheck = 0900;
				LastUpgradeCheck = 0900;
				ORGANIZATIONNAME = "jae kaplan";
				TargetAttributes = {
					CF6288141F78524600C34ABD = {
						CreatedOnToolsVersion = 9.0;
						ProvisioningStyle = Automatic;
					};
				};
			};
			buildConfigurationList = CF6288101F78524600C34ABD /* Build configuration list for PBXProject "AC Music" */;
			compatibilityVersion = "Xcode 8.0";
			developmentRegion = en;
			hasScannedForEncodings = 0;
			knownRegions = (
				en,
				Base,
			);
			mainGroup = CF62880C1F78524600C34ABD;
			productRefGroup = CF6288161F78524600C34ABD /* Products */;
			projectDirPath = "";
			projectRoot = "";
			targets = (
				CF6288141F78524600C34ABD /* AC Music */,
			);
		};
/* End PBXProject section */

/* Begin PBXResourcesBuildPhase section */
		CF6288131F78524600C34ABD /* Resources */ = {
			isa = PBXResourcesBuildPhase;
			buildActionMask = 2147483647;
			files = (
				CF02D61B1F81CAF600E08C15 /* Animal Forest in Resources */,
				CF02D61E1F81CC0F00E08C15 /* DefaultPreferences.plist in Resources */,
				CF02D6201F81CE1400E08C15 /* New Leaf in Resources */,
				CF02D6181F81C66700E08C15 /* PreferencesWindow.xib in Resources */,
				CF62881B1F78524600C34ABD /* Assets.xcassets in Resources */,
				CF62881E1F78524600C34ABD /* MainMenu.xib in Resources */,
			);
			runOnlyForDeploymentPostprocessing = 0;
		};
/* End PBXResourcesBuildPhase section */

/* Begin PBXSourcesBuildPhase section */
		CF6288111F78524600C34ABD /* Sources */ = {
			isa = PBXSourcesBuildPhase;
			buildActionMask = 2147483647;
			files = (
				CF26DEE51F816E2700CDFF6B /* PlaybackView.swift in Sources */,
				CF6288271F78558800C34ABD /* StatusMenuController.swift in Sources */,
				CF26DEE01F81622A00CDFF6B /* AudioPlayer.swift in Sources */,
				CF02D6171F81C66700E08C15 /* PreferencesWindow.swift in Sources */,
				CF6288191F78524600C34ABD /* AppDelegate.swift in Sources */,
			);
			runOnlyForDeploymentPostprocessing = 0;
		};
/* End PBXSourcesBuildPhase section */

/* Begin PBXVariantGroup section */
		CF62881C1F78524600C34ABD /* MainMenu.xib */ = {
			isa = PBXVariantGroup;
			children = (
				CF62881D1F78524600C34ABD /* Base */,
			);
			name = MainMenu.xib;
			sourceTree = "<group>";
		};
/* End PBXVariantGroup section */

/* Begin XCBuildConfiguration section */
		CF6288211F78524600C34ABD /* Debug */ = {
			isa = XCBuildConfiguration;
			buildSettings = {
				ALWAYS_SEARCH_USER_PATHS = NO;
				CLANG_ANALYZER_NONNULL = YES;
				CLANG_ANALYZER_NUMBER_OBJECT_CONVERSION = YES_AGGRESSIVE;
				CLANG_CXX_LANGUAGE_STANDARD = "gnu++14";
				CLANG_CXX_LIBRARY = "libc++";
				CLANG_ENABLE_MODULES = YES;
				CLANG_ENABLE_OBJC_ARC = YES;
				CLANG_WARN_BLOCK_CAPTURE_AUTORELEASING = YES;
				CLANG_WARN_BOOL_CONVERSION = YES;
				CLANG_WARN_COMMA = YES;
				CLANG_WARN_CONSTANT_CONVERSION = YES;
				CLANG_WARN_DIRECT_OBJC_ISA_USAGE = YES_ERROR;
				CLANG_WARN_DOCUMENTATION_COMMENTS = YES;
				CLANG_WARN_EMPTY_BODY = YES;
				CLANG_WARN_ENUM_CONVERSION = YES;
				CLANG_WARN_INFINITE_RECURSION = YES;
				CLANG_WARN_INT_CONVERSION = YES;
				CLANG_WARN_NON_LITERAL_NULL_CONVERSION = YES;
				CLANG_WARN_OBJC_LITERAL_CONVERSION = YES;
				CLANG_WARN_OBJC_ROOT_CLASS = YES_ERROR;
				CLANG_WARN_RANGE_LOOP_ANALYSIS = YES;
				CLANG_WARN_STRICT_PROTOTYPES = YES;
				CLANG_WARN_SUSPICIOUS_MOVE = YES;
				CLANG_WARN_UNGUARDED_AVAILABILITY = YES_AGGRESSIVE;
				CLANG_WARN_UNREACHABLE_CODE = YES;
				CLANG_WARN__DUPLICATE_METHOD_MATCH = YES;
				CODE_SIGN_IDENTITY = "-";
				COPY_PHASE_STRIP = NO;
				DEBUG_INFORMATION_FORMAT = dwarf;
				ENABLE_STRICT_OBJC_MSGSEND = YES;
				ENABLE_TESTABILITY = YES;
				GCC_C_LANGUAGE_STANDARD = gnu11;
				GCC_DYNAMIC_NO_PIC = NO;
				GCC_NO_COMMON_BLOCKS = YES;
				GCC_OPTIMIZATION_LEVEL = 0;
				GCC_PREPROCESSOR_DEFINITIONS = (
					"DEBUG=1",
					"$(inherited)",
				);
				GCC_WARN_64_TO_32_BIT_CONVERSION = YES;
				GCC_WARN_ABOUT_RETURN_TYPE = YES_ERROR;
				GCC_WARN_UNDECLARED_SELECTOR = YES;
				GCC_WARN_UNINITIALIZED_AUTOS = YES_AGGRESSIVE;
				GCC_WARN_UNUSED_FUNCTION = YES;
				GCC_WARN_UNUSED_VARIABLE = YES;
				MACOSX_DEPLOYMENT_TARGET = 10.13;
				MTL_ENABLE_DEBUG_INFO = YES;
				ONLY_ACTIVE_ARCH = YES;
				SDKROOT = macosx;
				SWIFT_ACTIVE_COMPILATION_CONDITIONS = DEBUG;
				SWIFT_OPTIMIZATION_LEVEL = "-Onone";
			};
			name = Debug;
		};
		CF6288221F78524600C34ABD /* Release */ = {
			isa = XCBuildConfiguration;
			buildSettings = {
				ALWAYS_SEARCH_USER_PATHS = NO;
				CLANG_ANALYZER_NONNULL = YES;
				CLANG_ANALYZER_NUMBER_OBJECT_CONVERSION = YES_AGGRESSIVE;
				CLANG_CXX_LANGUAGE_STANDARD = "gnu++14";
				CLANG_CXX_LIBRARY = "libc++";
				CLANG_ENABLE_MODULES = YES;
				CLANG_ENABLE_OBJC_ARC = YES;
				CLANG_WARN_BLOCK_CAPTURE_AUTORELEASING = YES;
				CLANG_WARN_BOOL_CONVERSION = YES;
				CLANG_WARN_COMMA = YES;
				CLANG_WARN_CONSTANT_CONVERSION = YES;
				CLANG_WARN_DIRECT_OBJC_ISA_USAGE = YES_ERROR;
				CLANG_WARN_DOCUMENTATION_COMMENTS = YES;
				CLANG_WARN_EMPTY_BODY = YES;
				CLANG_WARN_ENUM_CONVERSION = YES;
				CLANG_WARN_INFINITE_RECURSION = YES;
				CLANG_WARN_INT_CONVERSION = YES;
				CLANG_WARN_NON_LITERAL_NULL_CONVERSION = YES;
				CLANG_WARN_OBJC_LITERAL_CONVERSION = YES;
				CLANG_WARN_OBJC_ROOT_CLASS = YES_ERROR;
				CLANG_WARN_RANGE_LOOP_ANALYSIS = YES;
				CLANG_WARN_STRICT_PROTOTYPES = YES;
				CLANG_WARN_SUSPICIOUS_MOVE = YES;
				CLANG_WARN_UNGUARDED_AVAILABILITY = YES_AGGRESSIVE;
				CLANG_WARN_UNREACHABLE_CODE = YES;
				CLANG_WARN__DUPLICATE_METHOD_MATCH = YES;
				CODE_SIGN_IDENTITY = "-";
				COPY_PHASE_STRIP = NO;
				DEBUG_INFORMATION_FORMAT = "dwarf-with-dsym";
				ENABLE_NS_ASSERTIONS = NO;
				ENABLE_STRICT_OBJC_MSGSEND = YES;
				GCC_C_LANGUAGE_STANDARD = gnu11;
				GCC_NO_COMMON_BLOCKS = YES;
				GCC_WARN_64_TO_32_BIT_CONVERSION = YES;
				GCC_WARN_ABOUT_RETURN_TYPE = YES_ERROR;
				GCC_WARN_UNDECLARED_SELECTOR = YES;
				GCC_WARN_UNINITIALIZED_AUTOS = YES_AGGRESSIVE;
				GCC_WARN_UNUSED_FUNCTION = YES;
				GCC_WARN_UNUSED_VARIABLE = YES;
				MACOSX_DEPLOYMENT_TARGET = 10.13;
				MTL_ENABLE_DEBUG_INFO = NO;
				SDKROOT = macosx;
				SWIFT_OPTIMIZATION_LEVEL = "-Owholemodule";
			};
			name = Release;
		};
		CF6288241F78524600C34ABD /* Debug */ = {
			isa = XCBuildConfiguration;
			buildSettings = {
				ASSETCATALOG_COMPILER_APPICON_NAME = AppIcon;
				CODE_SIGN_ENTITLEMENTS = "AC Music.entitlements";
				CODE_SIGN_IDENTITY = "-";
				CODE_SIGN_STYLE = Automatic;
				COMBINE_HIDPI_IMAGES = YES;
				DEVELOPMENT_TEAM = "";
				INFOPLIST_FILE = "ac-menubar/Info.plist";
				LD_RUNPATH_SEARCH_PATHS = "$(inherited) @executable_path/../Frameworks";
				PRODUCT_BUNDLE_IDENTIFIER = "io.jkap.ac-menubar";
				PRODUCT_NAME = "$(TARGET_NAME)";
				PROVISIONING_PROFILE_SPECIFIER = "";
				SWIFT_VERSION = 4.0;
			};
			name = Debug;
		};
		CF6288251F78524600C34ABD /* Release */ = {
			isa = XCBuildConfiguration;
			buildSettings = {
				ASSETCATALOG_COMPILER_APPICON_NAME = AppIcon;
				CODE_SIGN_ENTITLEMENTS = "AC Music.entitlements";
				CODE_SIGN_IDENTITY = "-";
				CODE_SIGN_STYLE = Automatic;
				COMBINE_HIDPI_IMAGES = YES;
				DEVELOPMENT_TEAM = "";
				INFOPLIST_FILE = "ac-menubar/Info.plist";
				LD_RUNPATH_SEARCH_PATHS = "$(inherited) @executable_path/../Frameworks";
				PRODUCT_BUNDLE_IDENTIFIER = "io.jkap.ac-menubar";
				PRODUCT_NAME = "$(TARGET_NAME)";
				PROVISIONING_PROFILE_SPECIFIER = "";
				SWIFT_VERSION = 4.0;
			};
			name = Release;
		};
/* End XCBuildConfiguration section */

/* Begin XCConfigurationList section */
		CF6288101F78524600C34ABD /* Build configuration list for PBXProject "AC Music" */ = {
			isa = XCConfigurationList;
			buildConfigurations = (
				CF6288211F78524600C34ABD /* Debug */,
				CF6288221F78524600C34ABD /* Release */,
			);
			defaultConfigurationIsVisible = 0;
			defaultConfigurationName = Release;
		};
		CF6288231F78524600C34ABD /* Build configuration list for PBXNativeTarget "AC Music" */ = {
			isa = XCConfigurationList;
			buildConfigurations = (
				CF6288241F78524600C34ABD /* Debug */,
				CF6288251F78524600C34ABD /* Release */,
			);
			defaultConfigurationIsVisible = 0;
			defaultConfigurationName = Release;
		};
/* End XCConfigurationList section */
	};
	rootObject = CF62880D1F78524600C34ABD /* Project object */;
}
